# This file is automatically @generated by Cargo.
# It is not intended for manual editing.
version = 4

[[package]]
name = "praxis"
version = "0.1.0"
dependencies = [
 "praxis_core",
]

[[package]]
name = "praxis_assets"
version = "0.1.0"

[[package]]
name = "praxis_audio"
version = "0.1.0"

[[package]]
name = "praxis_core"
version = "0.1.0"

[[package]]
name = "praxis_ecs"
version = "0.1.0"

[[package]]
name = "praxis_graphics"
version = "0.1.0"

[[package]]
name = "praxis_gui"
version = "0.1.0"

[[package]]
name = "praxis_input"
version = "0.1.0"

[[package]]
name = "praxis_math"
version = "0.1.0"

[[package]]
name = "praxis_physics"
version = "0.1.0"

[[package]]
name = "praxis_scene"
version = "0.1.0"

[[package]]
name = "praxis_utils"
version = "0.1.0"

[[package]]
name = "praxis_window"
version = "0.1.0"
